
Microsoft Visual Studio Solution File, Format Version 12.00
# Visual Studio Version 17
VisualStudioVersion = 17.7.34031.279
MinimumVisualStudioVersion = 10.0.40219.1
Project("{9A19103F-16F7-4668-BE54-9A1E7A4F7556}") = "LB1", "LB1\LB1.csproj", "{EAC4A2A8-54A8-4F93-8133-024D344E0EEE}"
EndProject
Project("{9A19103F-16F7-4668-BE54-9A1E7A4F7556}") = "PersonLibrary", "PersonLibrary\PersonLibrary.csproj", "{623DB885-04BE-4ED3-8E84-4D2A06AFB720}"
EndProject
Global
	GlobalSection(SolutionConfigurationPlatforms) = preSolution
		Debug|Any CPU = Debug|Any CPU
		Release|Any CPU = Release|Any CPU
	EndGlobalSection
	GlobalSection(ProjectConfigurationPlatforms) = postSolution
		{EAC4A2A8-54A8-4F93-8133-024D344E0EEE}.Debug|Any CPU.ActiveCfg = Debug|Any CPU
		{EAC4A2A8-54A8-4F93-8133-024D344E0EEE}.Debug|Any CPU.Build.0 = Debug|Any CPU
		{EAC4A2A8-54A8-4F93-8133-024D344E0EEE}.Release|Any CPU.ActiveCfg = Release|Any CPU
		{EAC4A2A8-54A8-4F93-8133-024D344E0EEE}.Release|Any CPU.Build.0 = Release|Any CPU
		{623DB885-04BE-4ED3-8E84-4D2A06AFB720}.Debug|Any CPU.ActiveCfg = Debug|Any CPU
		{623DB885-04BE-4ED3-8E84-4D2A06AFB720}.Debug|Any CPU.Build.0 = Debug|Any CPU
		{623DB885-04BE-4ED3-8E84-4D2A06AFB720}.Release|Any CPU.ActiveCfg = Release|Any CPU
		{623DB885-04BE-4ED3-8E84-4D2A06AFB720}.Release|Any CPU.Build.0 = Release|Any CPU
	EndGlobalSection
	GlobalSection(SolutionProperties) = preSolution
		HideSolutionNode = FALSE
	EndGlobalSection
	GlobalSection(ExtensibilityGlobals) = postSolution
		SolutionGuid = {F2797221-B3DD-4D5C-AEE6-63A8EBBE68D3}
	EndGlobalSection
EndGlobal
